
Microsoft Visual Studio Solution File, Format Version 12.00
# Visual Studio Version 16
VisualStudioVersion = 16.0.29215.179
MinimumVisualStudioVersion = 10.0.40219.1
Project("{FAE04EC0-301F-11D3-BF4B-00C04F79EFBC}") = "RemoteHealthCare", "RemoteHealthCare\RemoteHealthCare.csproj", "{3BD64AFC-4E82-4658-B083-7A2F7EE41685}"
EndProject
Project("{FAE04EC0-301F-11D3-BF4B-00C04F79EFBC}") = "VirtualReality", "VirtualReality\VirtualReality.csproj", "{AA7771A4-E748-419E-907D-A84DCE248042}"
EndProject
Project("{D954291E-2A0B-460D-934E-DC6B0785DB48}") = "RHCCore", "..\GUI\RemoteHealthCare\RHCCore\RHCCore.shproj", "{4903A540-18AB-4A2C-AAFD-E460791447C4}"
EndProject
Global
	GlobalSection(SharedMSBuildProjectFiles) = preSolution
		..\GUI\RemoteHealthCare\RHCCore\RHCCore.projitems*{3bd64afc-4e82-4658-b083-7a2f7ee41685}*SharedItemsImports = 4
		..\GUI\RemoteHealthCare\RHCCore\RHCCore.projitems*{4903a540-18ab-4a2c-aafd-e460791447c4}*SharedItemsImports = 13
	EndGlobalSection
	GlobalSection(SolutionConfigurationPlatforms) = preSolution
		Debug_SIMULATOR|Any CPU = Debug_SIMULATOR|Any CPU
		Debug|Any CPU = Debug|Any CPU
		Release|Any CPU = Release|Any CPU
	EndGlobalSection
	GlobalSection(ProjectConfigurationPlatforms) = postSolution
		{3BD64AFC-4E82-4658-B083-7A2F7EE41685}.Debug_SIMULATOR|Any CPU.ActiveCfg = Debug_SIMULATOR|Any CPU
		{3BD64AFC-4E82-4658-B083-7A2F7EE41685}.Debug_SIMULATOR|Any CPU.Build.0 = Debug_SIMULATOR|Any CPU
		{3BD64AFC-4E82-4658-B083-7A2F7EE41685}.Debug|Any CPU.ActiveCfg = Debug|Any CPU
		{3BD64AFC-4E82-4658-B083-7A2F7EE41685}.Debug|Any CPU.Build.0 = Debug|Any CPU
		{3BD64AFC-4E82-4658-B083-7A2F7EE41685}.Release|Any CPU.ActiveCfg = Release|Any CPU
		{3BD64AFC-4E82-4658-B083-7A2F7EE41685}.Release|Any CPU.Build.0 = Release|Any CPU
		{AA7771A4-E748-419E-907D-A84DCE248042}.Debug_SIMULATOR|Any CPU.ActiveCfg = Debug|Any CPU
		{AA7771A4-E748-419E-907D-A84DCE248042}.Debug_SIMULATOR|Any CPU.Build.0 = Debug|Any CPU
		{AA7771A4-E748-419E-907D-A84DCE248042}.Debug|Any CPU.ActiveCfg = Debug|Any CPU
		{AA7771A4-E748-419E-907D-A84DCE248042}.Debug|Any CPU.Build.0 = Debug|Any CPU
		{AA7771A4-E748-419E-907D-A84DCE248042}.Release|Any CPU.ActiveCfg = Release|Any CPU
		{AA7771A4-E748-419E-907D-A84DCE248042}.Release|Any CPU.Build.0 = Release|Any CPU
	EndGlobalSection
	GlobalSection(SolutionProperties) = preSolution
		HideSolutionNode = FALSE
	EndGlobalSection
	GlobalSection(ExtensibilityGlobals) = postSolution
		SolutionGuid = {0C1992C9-3EE3-45A9-9656-ACA831685213}
	EndGlobalSection
EndGlobal
