
Microsoft Visual Studio Solution File, Format Version 12.00
# Visual Studio 15
VisualStudioVersion = 15.0.28307.645
MinimumVisualStudioVersion = 10.0.40219.1
Project("{FAE04EC0-301F-11D3-BF4B-00C04F79EFBC}") = "RemoteHealthCare", "RemoteHealthCare\RemoteHealthCare.csproj", "{9BF5AC8E-39FF-41CE-AF70-0DABFD12FD69}"
EndProject
Global
	GlobalSection(SolutionConfigurationPlatforms) = preSolution
		Debug|Any CPU = Debug|Any CPU
		Release|Any CPU = Release|Any CPU
		SIMULATOR|Any CPU = SIMULATOR|Any CPU
	EndGlobalSection
	GlobalSection(ProjectConfigurationPlatforms) = postSolution
		{9BF5AC8E-39FF-41CE-AF70-0DABFD12FD69}.Debug|Any CPU.ActiveCfg = Debug|Any CPU
		{9BF5AC8E-39FF-41CE-AF70-0DABFD12FD69}.Debug|Any CPU.Build.0 = Debug|Any CPU
		{9BF5AC8E-39FF-41CE-AF70-0DABFD12FD69}.Release|Any CPU.ActiveCfg = Release|Any CPU
		{9BF5AC8E-39FF-41CE-AF70-0DABFD12FD69}.Release|Any CPU.Build.0 = Release|Any CPU
		{9BF5AC8E-39FF-41CE-AF70-0DABFD12FD69}.SIMULATOR|Any CPU.ActiveCfg = SIMULATOR|Any CPU
		{9BF5AC8E-39FF-41CE-AF70-0DABFD12FD69}.SIMULATOR|Any CPU.Build.0 = SIMULATOR|Any CPU
	EndGlobalSection
	GlobalSection(SolutionProperties) = preSolution
		HideSolutionNode = FALSE
	EndGlobalSection
	GlobalSection(ExtensibilityGlobals) = postSolution
		SolutionGuid = {837A3B8D-4333-48BD-BE6D-F7E00C069AF1}
	EndGlobalSection
EndGlobal
